# @generated - this file is auto-generated by `mise lock` https://mise.en.dev/dev-tools/mise-lock.html

[[tools."github:endevco/aube"]]
version = "1.18.0"
backend = "github:endevco/aube"

[tools."github:endevco/aube"."platforms.linux-arm64"]
checksum = "sha256:e7881daae7b5704a68bef2c1d25740f5b808f982a9013e99625910fa72c7e04c"
url = "https://github.com/endevco/aube/releases/download/v1.18.0/aube-v1.18.0-aarch64-unknown-linux-gnu.tar.gz"
url_api = "https://api.github.com/repos/endevco/aube/releases/assets/438543417"
provenance = "github-attestations"

[tools."github:endevco/aube"."platforms.linux-arm64-musl"]
checksum = "sha256:ed39261b679c9b96cedc0e64744e66c5080247a1d34a6cf2669c40cce8956309"
url = "https://github.com/endevco/aube/releases/download/v1.18.0/aube-v1.18.0-aarch64-unknown-linux-musl.tar.gz"
url_api = "https://api.github.com/repos/endevco/aube/releases/assets/438516230"
provenance = "github-attestations"

[tools."github:endevco/aube"."platforms.linux-x64"]
checksum = "sha256:20b158c2439087267c95451dcc5feba13cfd1045b7a108e41a85c779bebbe1da"
url = "https://github.com/endevco/aube/releases/download/v1.18.0/aube-v1.18.0-x86_64-unknown-linux-gnu.tar.gz"
url_api = "https://api.github.com/repos/endevco/aube/releases/assets/438526121"
provenance = "github-attestations"

[tools."github:endevco/aube"."platforms.linux-x64-musl"]
checksum = "sha256:d4ef67a858817fd0e158aa4022787b079f4af566eebce7914bdd7eaf0cc803c1"
url = "https://github.com/endevco/aube/releases/download/v1.18.0/aube-v1.18.0-x86_64-unknown-linux-musl.tar.gz"
url_api = "https://api.github.com/repos/endevco/aube/releases/assets/438522827"
provenance = "github-attestations"

[tools."github:endevco/aube"."platforms.macos-arm64"]
checksum = "sha256:0d050f30ff4f80c2fe4bbba106a7c439b7d79702c923ee95502695d8a910a600"
url = "https://github.com/endevco/aube/releases/download/v1.18.0/aube-v1.18.0-aarch64-apple-darwin.tar.gz"
url_api = "https://api.github.com/repos/endevco/aube/releases/assets/438568960"
provenance = "github-attestations"

[tools."github:endevco/aube"."platforms.windows-x64"]
checksum = "sha256:ddc94d1cf21c14d675271761a7837193a23869f719a9cf57149807525e6b8620"
url = "https://github.com/endevco/aube/releases/download/v1.18.0/aube-v1.18.0-x86_64-pc-windows-msvc.zip"
url_api = "https://api.github.com/repos/endevco/aube/releases/assets/438529280"
provenance = "github-attestations"

[[tools."github:microsoft/apm"]]
version = "0.18.0"
backend = "github:microsoft/apm"

[tools."github:microsoft/apm"."platforms.linux-arm64"]
checksum = "sha256:dee91b530ec2a28832cd52dda3c303ba3647c726b2caf90f2f53118c4a79e993"
url = "https://github.com/microsoft/apm/releases/download/v0.18.0/apm-linux-arm64.tar.gz"
url_api = "https://api.github.com/repos/microsoft/apm/releases/assets/438411429"

[tools."github:microsoft/apm"."platforms.linux-arm64-musl"]
checksum = "sha256:dee91b530ec2a28832cd52dda3c303ba3647c726b2caf90f2f53118c4a79e993"
url = "https://github.com/microsoft/apm/releases/download/v0.18.0/apm-linux-arm64.tar.gz"
url_api = "https://api.github.com/repos/microsoft/apm/releases/assets/438411429"

[tools."github:microsoft/apm"."platforms.linux-x64"]
checksum = "sha256:9724f09627243bd5a1aeb7cb07616469718e36d20dd4430d0e6ee5a3046ab09a"
url = "https://github.com/microsoft/apm/releases/download/v0.18.0/apm-linux-x86_64.tar.gz"
url_api = "https://api.github.com/repos/microsoft/apm/releases/assets/438411430"

[tools."github:microsoft/apm"."platforms.linux-x64-musl"]
checksum = "sha256:9724f09627243bd5a1aeb7cb07616469718e36d20dd4430d0e6ee5a3046ab09a"
url = "https://github.com/microsoft/apm/releases/download/v0.18.0/apm-linux-x86_64.tar.gz"
url_api = "https://api.github.com/repos/microsoft/apm/releases/assets/438411430"

[tools."github:microsoft/apm"."platforms.macos-arm64"]
checksum = "sha256:6a22511e16559e54d96fcc11fb8599dc5c2ffb79cff136560a4d46d45b4cd099"
url = "https://github.com/microsoft/apm/releases/download/v0.18.0/apm-darwin-arm64.tar.gz"
url_api = "https://api.github.com/repos/microsoft/apm/releases/assets/438411431"

[tools."github:microsoft/apm"."platforms.macos-x64"]
checksum = "sha256:e2702a163182f771d81927371f5978bfe3ca051a8d7509db35c0814513636b58"
url = "https://github.com/microsoft/apm/releases/download/v0.18.0/apm-darwin-x86_64.tar.gz"
url_api = "https://api.github.com/repos/microsoft/apm/releases/assets/438411428"

[tools."github:microsoft/apm"."platforms.windows-x64"]
checksum = "sha256:713fcf1613fc190a01485ddbc5cd07aee8cfd942e87e04489e989ee0a4691e5e"
url = "https://github.com/microsoft/apm/releases/download/v0.18.0/apm-windows-x86_64.zip"
url_api = "https://api.github.com/repos/microsoft/apm/releases/assets/438411427"

[[tools.node]]
version = "26.3.0"
backend = "core:node"

[tools.node."platforms.linux-arm64"]
checksum = "sha256:b2e01f65905c24cb5dd19c4cfbfefe0118e0504c170cc18beac343a2abbb59bd"
url = "https://nodejs.org/dist/v26.3.0/node-v26.3.0-linux-arm64.tar.gz"

[tools.node."platforms.linux-arm64-musl"]
checksum = "sha256:2487ff4f03dbd8998a3778886d50c1ee5f13a3b9cefbfa3aed02c32dbf1e1fb8"
url = "https://unofficial-builds.nodejs.org/download/release/v26.3.0/node-v26.3.0-linux-arm64-musl.tar.gz"

[tools.node."platforms.linux-x64"]
checksum = "sha256:a6e65cc653e40c1653b77742f9185dbce3ff1f99fa2746d211bddb53530ef206"
url = "https://nodejs.org/dist/v26.3.0/node-v26.3.0-linux-x64.tar.gz"

[tools.node."platforms.linux-x64-musl"]
checksum = "sha256:6ad2e7c0cf693fecc2febb1abf753940244f3baaa04626361ed52d64843ffc67"
url = "https://unofficial-builds.nodejs.org/download/release/v26.3.0/node-v26.3.0-linux-x64-musl.tar.gz"

[tools.node."platforms.macos-arm64"]
checksum = "sha256:77ef7f7a15aa757c2ca19d63cf41c8d9eb3b18590ebc6883871310787d8c6b6c"
url = "https://nodejs.org/dist/v26.3.0/node-v26.3.0-darwin-arm64.tar.gz"

[tools.node."platforms.macos-x64"]
checksum = "sha256:7453bd54a17bdc656e2e784d702f6eeb224fb517965e6f8c5a31a88c83d3804c"
url = "https://nodejs.org/dist/v26.3.0/node-v26.3.0-darwin-x64.tar.gz"

[tools.node."platforms.windows-x64"]
checksum = "sha256:ec6d0f6b056c89498a9b26c4d5c77a31fd0b7fe45ba8a45fa87d26f66c3ebce4"
url = "https://nodejs.org/dist/v26.3.0/node-v26.3.0-win-x64.zip"
