# rosie-lock v1
grill-with-docs mattpocock/skills main aaf2453fbdfe7a15c07f11d861224f34ab4b53cb 2026-06-05T21:16:54Z pin skill
improve-codebase-architecture mattpocock/skills main aaf2453fbdfe7a15c07f11d861224f34ab4b53cb 2026-06-05T21:16:46Z pin skill
setup-matt-pocock-skills mattpocock/skills main aaf2453fbdfe7a15c07f11d861224f34ab4b53cb 2026-06-05T21:16:25Z pin skill
